
Microsoft Visual Studio Solution File, Format Version 12.00
# Visual Studio Version 16
VisualStudioVersion = 16.0.32407.337
MinimumVisualStudioVersion = 10.0.40219.1
Project("{FAE04EC0-301F-11D3-BF4B-00C04F79EFBC}") = "Module8", "Module8\Module8.csproj", "{979BD069-788D-457C-9552-670D785C062C}"
EndProject
Global
	GlobalSection(SolutionConfigurationPlatforms) = preSolution
		Debug|Any CPU = Debug|Any CPU
		Release|Any CPU = Release|Any CPU
	EndGlobalSection
	GlobalSection(ProjectConfigurationPlatforms) = postSolution
		{979BD069-788D-457C-9552-670D785C062C}.Debug|Any CPU.ActiveCfg = Debug|Any CPU
		{979BD069-788D-457C-9552-670D785C062C}.Debug|Any CPU.Build.0 = Debug|Any CPU
		{979BD069-788D-457C-9552-670D785C062C}.Release|Any CPU.ActiveCfg = Release|Any CPU
		{979BD069-788D-457C-9552-670D785C062C}.Release|Any CPU.Build.0 = Release|Any CPU
	EndGlobalSection
	GlobalSection(SolutionProperties) = preSolution
		HideSolutionNode = FALSE
	EndGlobalSection
	GlobalSection(ExtensibilityGlobals) = postSolution
		SolutionGuid = {920830F9-5649-4DF5-9A79-9F569AF4E497}
	EndGlobalSection
EndGlobal
